
Microsoft Visual Studio Solution File, Format Version 12.00
# Visual Studio Version 17
VisualStudioVersion = 17.7.34031.279
MinimumVisualStudioVersion = 10.0.40219.1
Project("{FAE04EC0-301F-11D3-BF4B-00C04F79EFBC}") = "Wekker", "Wekker\Wekker.csproj", "{CF2BB848-B5B0-492E-AC83-9772B9E39F28}"
EndProject
Global
	GlobalSection(SolutionConfigurationPlatforms) = preSolution
		Debug|Any CPU = Debug|Any CPU
		Release|Any CPU = Release|Any CPU
	EndGlobalSection
	GlobalSection(ProjectConfigurationPlatforms) = postSolution
		{CF2BB848-B5B0-492E-AC83-9772B9E39F28}.Debug|Any CPU.ActiveCfg = Debug|Any CPU
		{CF2BB848-B5B0-492E-AC83-9772B9E39F28}.Debug|Any CPU.Build.0 = Debug|Any CPU
		{CF2BB848-B5B0-492E-AC83-9772B9E39F28}.Release|Any CPU.ActiveCfg = Release|Any CPU
		{CF2BB848-B5B0-492E-AC83-9772B9E39F28}.Release|Any CPU.Build.0 = Release|Any CPU
	EndGlobalSection
	GlobalSection(SolutionProperties) = preSolution
		HideSolutionNode = FALSE
	EndGlobalSection
	GlobalSection(ExtensibilityGlobals) = postSolution
		SolutionGuid = {337322D4-378A-4727-BA3D-589B54C7C686}
	EndGlobalSection
EndGlobal
